
Microsoft Visual Studio Solution File, Format Version 12.00
# Visual Studio Version 17
VisualStudioVersion = 17.5.33530.505
MinimumVisualStudioVersion = 10.0.40219.1
Project("{FAE04EC0-301F-11D3-BF4B-00C04F79EFBC}") = "Routing", "Routing\Routing.csproj", "{1EBDE420-FC4F-4611-8802-EBBB8C9DA538}"
EndProject
Global
	GlobalSection(SolutionConfigurationPlatforms) = preSolution
		Debug|Any CPU = Debug|Any CPU
		Release|Any CPU = Release|Any CPU
	EndGlobalSection
	GlobalSection(ProjectConfigurationPlatforms) = postSolution
		{1EBDE420-FC4F-4611-8802-EBBB8C9DA538}.Debug|Any CPU.ActiveCfg = Debug|Any CPU
		{1EBDE420-FC4F-4611-8802-EBBB8C9DA538}.Debug|Any CPU.Build.0 = Debug|Any CPU
		{1EBDE420-FC4F-4611-8802-EBBB8C9DA538}.Release|Any CPU.ActiveCfg = Release|Any CPU
		{1EBDE420-FC4F-4611-8802-EBBB8C9DA538}.Release|Any CPU.Build.0 = Release|Any CPU
	EndGlobalSection
	GlobalSection(SolutionProperties) = preSolution
		HideSolutionNode = FALSE
	EndGlobalSection
	GlobalSection(ExtensibilityGlobals) = postSolution
		SolutionGuid = {E36F3BBC-84AD-41AE-8A2B-6CEABB3A6679}
	EndGlobalSection
EndGlobal
